// !$*UTF8*$!
{
	archiveVersion = 1;
	classes = {
	};
	objectVersion = 56;
	objects = {

/* Begin PBXBuildFile section */
		1F018D1A29088EBE0039B56D /* GameOfBlocksApp.swift in Sources */ = {isa = PBXBuildFile; fileRef = 1F018D1929088EBE0039B56D /* GameOfBlocksApp.swift */; };
		1F018D1C29088EBE0039B56D /* ContentView.swift in Sources */ = {isa = PBXBuildFile; fileRef = 1F018D1B29088EBE0039B56D /* ContentView.swift */; };
		1F018D1E29088EBF0039B56D /* Assets.xcassets in Resources */ = {isa = PBXBuildFile; fileRef = 1F018D1D29088EBF0039B56D /* Assets.xcassets */; };
		1F018D2129088EBF0039B56D /* Preview Assets.xcassets in Resources */ = {isa = PBXBuildFile; fileRef = 1F018D2029088EBF0039B56D /* Preview Assets.xcassets */; };
		1F018D2B29088EBF0039B56D /* BoardViewModelTests.swift in Sources */ = {isa = PBXBuildFile; fileRef = 1F018D2A29088EBF0039B56D /* BoardViewModelTests.swift */; };
		1F018D3529088EBF0039B56D /* GameOfBlocksUITests.swift in Sources */ = {isa = PBXBuildFile; fileRef = 1F018D3429088EBF0039B56D /* GameOfBlocksUITests.swift */; };
		1F018D3729088EBF0039B56D /* GameOfBlocksUITestsLaunchTests.swift in Sources */ = {isa = PBXBuildFile; fileRef = 1F018D3629088EBF0039B56D /* GameOfBlocksUITestsLaunchTests.swift */; };
		1F018D4729088F4D0039B56D /* BoardView.swift in Sources */ = {isa = PBXBuildFile; fileRef = 1F018D4629088F4D0039B56D /* BoardView.swift */; };
		1F018D4929088F700039B56D /* BoardViewModel.swift in Sources */ = {isa = PBXBuildFile; fileRef = 1F018D4829088F700039B56D /* BoardViewModel.swift */; };
		1F018D4B290899360039B56D /* BlockView.swift in Sources */ = {isa = PBXBuildFile; fileRef = 1F018D4A290899360039B56D /* BlockView.swift */; };
		1F018D4D290899A50039B56D /* BlockModel.swift in Sources */ = {isa = PBXBuildFile; fileRef = 1F018D4C290899A50039B56D /* BlockModel.swift */; };
		1F018D5029089AA20039B56D /* Errors.swift in Sources */ = {isa = PBXBuildFile; fileRef = 1F018D4F29089AA20039B56D /* Errors.swift */; };
		1F5922BF290B3847008E4AA4 /* BoardGameBusinessLogic.swift in Sources */ = {isa = PBXBuildFile; fileRef = 1F5922BE290B3847008E4AA4 /* BoardGameBusinessLogic.swift */; };
		1F5922C1290B3AC0008E4AA4 /* TestMocks.swift in Sources */ = {isa = PBXBuildFile; fileRef = 1F5922C0290B3AC0008E4AA4 /* TestMocks.swift */; };
		1F5922C7290C71D5008E4AA4 /* BoardGameBusinessLogicTests.swift in Sources */ = {isa = PBXBuildFile; fileRef = 1F5922C6290C71D5008E4AA4 /* BoardGameBusinessLogicTests.swift */; };
		1F5922C9290C8440008E4AA4 /* BlockViewModelTests.swift in Sources */ = {isa = PBXBuildFile; fileRef = 1F5922C8290C8440008E4AA4 /* BlockViewModelTests.swift */; };
		1F5922CB290C8D5D008E4AA4 /* BoardCellViewModel.swift in Sources */ = {isa = PBXBuildFile; fileRef = 1F5922CA290C8D5D008E4AA4 /* BoardCellViewModel.swift */; };
		1F5922CD290C9407008E4AA4 /* ViewFactory.swift in Sources */ = {isa = PBXBuildFile; fileRef = 1F5922CC290C9407008E4AA4 /* ViewFactory.swift */; };
		1F5922CF290DC8D4008E4AA4 /* BoardCellViewModelTests.swift in Sources */ = {isa = PBXBuildFile; fileRef = 1F5922CE290DC8D4008E4AA4 /* BoardCellViewModelTests.swift */; };
		1F5922D1290DCA3A008E4AA4 /* BoardViewTests.swift in Sources */ = {isa = PBXBuildFile; fileRef = 1F5922D0290DCA3A008E4AA4 /* BoardViewTests.swift */; };
		1F5922D3290DCD2C008E4AA4 /* BlockViewTests.swift in Sources */ = {isa = PBXBuildFile; fileRef = 1F5922D2290DCD2C008E4AA4 /* BlockViewTests.swift */; };
		1F5922D6290DCDC9008E4AA4 /* Protocols.swift in Sources */ = {isa = PBXBuildFile; fileRef = 1F5922D5290DCDC9008E4AA4 /* Protocols.swift */; };
		1F5EBF6D2909E6FD00A135F2 /* BoardCellView.swift in Sources */ = {isa = PBXBuildFile; fileRef = 1F5EBF6C2909E6FD00A135F2 /* BoardCellView.swift */; };
		1F5EBF6F2909F67300A135F2 /* BlockViewModel.swift in Sources */ = {isa = PBXBuildFile; fileRef = 1F5EBF6E2909F67300A135F2 /* BlockViewModel.swift */; };
/* End PBXBuildFile section */

/* Begin PBXContainerItemProxy section */
		1F018D2729088EBF0039B56D /* PBXContainerItemProxy */ = {
			isa = PBXContainerItemProxy;
			containerPortal = 1F018D0E29088EBE0039B56D /* Project object */;
			proxyType = 1;
			remoteGlobalIDString = 1F018D1529088EBE0039B56D;
			remoteInfo = GameOfBlocks;
		};
		1F018D3129088EBF0039B56D /* PBXContainerItemProxy */ = {
			isa = PBXContainerItemProxy;
			containerPortal = 1F018D0E29088EBE0039B56D /* Project object */;
			proxyType = 1;
			remoteGlobalIDString = 1F018D1529088EBE0039B56D;
			remoteInfo = GameOfBlocks;
		};
/* End PBXContainerItemProxy section */

/* Begin PBXFileReference section */
		1F018D1629088EBE0039B56D /* GameOfBlocks.app */ = {isa = PBXFileReference; explicitFileType = wrapper.application; includeInIndex = 0; path = GameOfBlocks.app; sourceTree = BUILT_PRODUCTS_DIR; };
		1F018D1929088EBE0039B56D /* GameOfBlocksApp.swift */ = {isa = PBXFileReference; lastKnownFileType = sourcecode.swift; path = GameOfBlocksApp.swift; sourceTree = "<group>"; };
		1F018D1B29088EBE0039B56D /* ContentView.swift */ = {isa = PBXFileReference; lastKnownFileType = sourcecode.swift; path = ContentView.swift; sourceTree = "<group>"; };
		1F018D1D29088EBF0039B56D /* Assets.xcassets */ = {isa = PBXFileReference; lastKnownFileType = folder.assetcatalog; path = Assets.xcassets; sourceTree = "<group>"; };
		1F018D2029088EBF0039B56D /* Preview Assets.xcassets */ = {isa = PBXFileReference; lastKnownFileType = folder.assetcatalog; path = "Preview Assets.xcassets"; sourceTree = "<group>"; };
		1F018D2629088EBF0039B56D /* GameOfBlocksTests.xctest */ = {isa = PBXFileReference; explicitFileType = wrapper.cfbundle; includeInIndex = 0; path = GameOfBlocksTests.xctest; sourceTree = BUILT_PRODUCTS_DIR; };
		1F018D2A29088EBF0039B56D /* BoardViewModelTests.swift */ = {isa = PBXFileReference; lastKnownFileType = sourcecode.swift; path = BoardViewModelTests.swift; sourceTree = "<group>"; };
		1F018D3029088EBF0039B56D /* GameOfBlocksUITests.xctest */ = {isa = PBXFileReference; explicitFileType = wrapper.cfbundle; includeInIndex = 0; path = GameOfBlocksUITests.xctest; sourceTree = BUILT_PRODUCTS_DIR; };
		1F018D3429088EBF0039B56D /* GameOfBlocksUITests.swift */ = {isa = PBXFileReference; lastKnownFileType = sourcecode.swift; path = GameOfBlocksUITests.swift; sourceTree = "<group>"; };
		1F018D3629088EBF0039B56D /* GameOfBlocksUITestsLaunchTests.swift */ = {isa = PBXFileReference; lastKnownFileType = sourcecode.swift; path = GameOfBlocksUITestsLaunchTests.swift; sourceTree = "<group>"; };
		1F018D4629088F4D0039B56D /* BoardView.swift */ = {isa = PBXFileReference; lastKnownFileType = sourcecode.swift; path = BoardView.swift; sourceTree = "<group>"; };
		1F018D4829088F700039B56D /* BoardViewModel.swift */ = {isa = PBXFileReference; lastKnownFileType = sourcecode.swift; path = BoardViewModel.swift; sourceTree = "<group>"; };
		1F018D4A290899360039B56D /* BlockView.swift */ = {isa = PBXFileReference; lastKnownFileType = sourcecode.swift; path = BlockView.swift; sourceTree = "<group>"; };
		1F018D4C290899A50039B56D /* BlockModel.swift */ = {isa = PBXFileReference; lastKnownFileType = sourcecode.swift; path = BlockModel.swift; sourceTree = "<group>"; };
		1F018D4F29089AA20039B56D /* Errors.swift */ = {isa = PBXFileReference; lastKnownFileType = sourcecode.swift; path = Errors.swift; sourceTree = "<group>"; };
		1F5922BE290B3847008E4AA4 /* BoardGameBusinessLogic.swift */ = {isa = PBXFileReference; lastKnownFileType = sourcecode.swift; path = BoardGameBusinessLogic.swift; sourceTree = "<group>"; };
		1F5922C0290B3AC0008E4AA4 /* TestMocks.swift */ = {isa = PBXFileReference; lastKnownFileType = sourcecode.swift; path = TestMocks.swift; sourceTree = "<group>"; };
		1F5922C6290C71D5008E4AA4 /* BoardGameBusinessLogicTests.swift */ = {isa = PBXFileReference; lastKnownFileType = sourcecode.swift; path = BoardGameBusinessLogicTests.swift; sourceTree = "<group>"; };
		1F5922C8290C8440008E4AA4 /* BlockViewModelTests.swift */ = {isa = PBXFileReference; lastKnownFileType = sourcecode.swift; path = BlockViewModelTests.swift; sourceTree = "<group>"; };
		1F5922CA290C8D5D008E4AA4 /* BoardCellViewModel.swift */ = {isa = PBXFileReference; lastKnownFileType = sourcecode.swift; path = BoardCellViewModel.swift; sourceTree = "<group>"; };
		1F5922CC290C9407008E4AA4 /* ViewFactory.swift */ = {isa = PBXFileReference; lastKnownFileType = sourcecode.swift; path = ViewFactory.swift; sourceTree = "<group>"; };
		1F5922CE290DC8D4008E4AA4 /* BoardCellViewModelTests.swift */ = {isa = PBXFileReference; lastKnownFileType = sourcecode.swift; path = BoardCellViewModelTests.swift; sourceTree = "<group>"; };
		1F5922D0290DCA3A008E4AA4 /* BoardViewTests.swift */ = {isa = PBXFileReference; lastKnownFileType = sourcecode.swift; path = BoardViewTests.swift; sourceTree = "<group>"; };
		1F5922D2290DCD2C008E4AA4 /* BlockViewTests.swift */ = {isa = PBXFileReference; lastKnownFileType = sourcecode.swift; path = BlockViewTests.swift; sourceTree = "<group>"; };
		1F5922D5290DCDC9008E4AA4 /* Protocols.swift */ = {isa = PBXFileReference; lastKnownFileType = sourcecode.swift; path = Protocols.swift; sourceTree = "<group>"; };
		1F5EBF6C2909E6FD00A135F2 /* BoardCellView.swift */ = {isa = PBXFileReference; lastKnownFileType = sourcecode.swift; path = BoardCellView.swift; sourceTree = "<group>"; };
		1F5EBF6E2909F67300A135F2 /* BlockViewModel.swift */ = {isa = PBXFileReference; lastKnownFileType = sourcecode.swift; path = BlockViewModel.swift; sourceTree = "<group>"; };
/* End PBXFileReference section */

/* Begin PBXFrameworksBuildPhase section */
		1F018D1329088EBE0039B56D /* Frameworks */ = {
			isa = PBXFrameworksBuildPhase;
			buildActionMask = 2147483647;
			files = (
			);
			runOnlyForDeploymentPostprocessing = 0;
		};
		1F018D2329088EBF0039B56D /* Frameworks */ = {
			isa = PBXFrameworksBuildPhase;
			buildActionMask = 2147483647;
			files = (
			);
			runOnlyForDeploymentPostprocessing = 0;
		};
		1F018D2D29088EBF0039B56D /* Frameworks */ = {
			isa = PBXFrameworksBuildPhase;
			buildActionMask = 2147483647;
			files = (
			);
			runOnlyForDeploymentPostprocessing = 0;
		};
/* End PBXFrameworksBuildPhase section */

/* Begin PBXGroup section */
		1F018D0D29088EBE0039B56D = {
			isa = PBXGroup;
			children = (
				1F018D1829088EBE0039B56D /* GameOfBlocks */,
				1F018D2929088EBF0039B56D /* GameOfBlocksTests */,
				1F018D3329088EBF0039B56D /* GameOfBlocksUITests */,
				1F018D1729088EBE0039B56D /* Products */,
			);
			sourceTree = "<group>";
		};
		1F018D1729088EBE0039B56D /* Products */ = {
			isa = PBXGroup;
			children = (
				1F018D1629088EBE0039B56D /* GameOfBlocks.app */,
				1F018D2629088EBF0039B56D /* GameOfBlocksTests.xctest */,
				1F018D3029088EBF0039B56D /* GameOfBlocksUITests.xctest */,
			);
			name = Products;
			sourceTree = "<group>";
		};
		1F018D1829088EBE0039B56D /* GameOfBlocks */ = {
			isa = PBXGroup;
			children = (
				1F5922D4290DCDB9008E4AA4 /* Protocols */,
				1F018D4E29089A960039B56D /* Errors */,
				1F5922BD290B3831008E4AA4 /* BusinessLogic */,
				1F018D4329088EEA0039B56D /* View */,
				1F018D4529088F200039B56D /* ViewModel */,
				1F018D4429088F190039B56D /* Model */,
				1F018D1929088EBE0039B56D /* GameOfBlocksApp.swift */,
				1F018D1B29088EBE0039B56D /* ContentView.swift */,
				1F018D1D29088EBF0039B56D /* Assets.xcassets */,
				1F018D1F29088EBF0039B56D /* Preview Content */,
			);
			path = GameOfBlocks;
			sourceTree = "<group>";
		};
		1F018D1F29088EBF0039B56D /* Preview Content */ = {
			isa = PBXGroup;
			children = (
				1F018D2029088EBF0039B56D /* Preview Assets.xcassets */,
			);
			path = "Preview Content";
			sourceTree = "<group>";
		};
		1F018D2929088EBF0039B56D /* GameOfBlocksTests */ = {
			isa = PBXGroup;
			children = (
				1F5922C0290B3AC0008E4AA4 /* TestMocks.swift */,
				1F018D2A29088EBF0039B56D /* BoardViewModelTests.swift */,
				1F5922CE290DC8D4008E4AA4 /* BoardCellViewModelTests.swift */,
				1F5922C8290C8440008E4AA4 /* BlockViewModelTests.swift */,
				1F5922C6290C71D5008E4AA4 /* BoardGameBusinessLogicTests.swift */,
				1F5922D0290DCA3A008E4AA4 /* BoardViewTests.swift */,
				1F5922D2290DCD2C008E4AA4 /* BlockViewTests.swift */,
			);
			path = GameOfBlocksTests;
			sourceTree = "<group>";
		};
		1F018D3329088EBF0039B56D /* GameOfBlocksUITests */ = {
			isa = PBXGroup;
			children = (
				1F018D3429088EBF0039B56D /* GameOfBlocksUITests.swift */,
				1F018D3629088EBF0039B56D /* GameOfBlocksUITestsLaunchTests.swift */,
			);
			path = GameOfBlocksUITests;
			sourceTree = "<group>";
		};
		1F018D4329088EEA0039B56D /* View */ = {
			isa = PBXGroup;
			children = (
				1F018D4629088F4D0039B56D /* BoardView.swift */,
				1F018D4A290899360039B56D /* BlockView.swift */,
				1F5EBF6C2909E6FD00A135F2 /* BoardCellView.swift */,
				1F5922CC290C9407008E4AA4 /* ViewFactory.swift */,
			);
			path = View;
			sourceTree = "<group>";
		};
		1F018D4429088F190039B56D /* Model */ = {
			isa = PBXGroup;
			children = (
				1F018D4C290899A50039B56D /* BlockModel.swift */,
			);
			path = Model;
			sourceTree = "<group>";
		};
		1F018D4529088F200039B56D /* ViewModel */ = {
			isa = PBXGroup;
			children = (
				1F018D4829088F700039B56D /* BoardViewModel.swift */,
				1F5EBF6E2909F67300A135F2 /* BlockViewModel.swift */,
				1F5922CA290C8D5D008E4AA4 /* BoardCellViewModel.swift */,
			);
			path = ViewModel;
			sourceTree = "<group>";
		};
		1F018D4E29089A960039B56D /* Errors */ = {
			isa = PBXGroup;
			children = (
				1F018D4F29089AA20039B56D /* Errors.swift */,
			);
			path = Errors;
			sourceTree = "<group>";
		};
		1F5922BD290B3831008E4AA4 /* BusinessLogic */ = {
			isa = PBXGroup;
			children = (
				1F5922BE290B3847008E4AA4 /* BoardGameBusinessLogic.swift */,
			);
			path = BusinessLogic;
			sourceTree = "<group>";
		};
		1F5922D4290DCDB9008E4AA4 /* Protocols */ = {
			isa = PBXGroup;
			children = (
				1F5922D5290DCDC9008E4AA4 /* Protocols.swift */,
			);
			path = Protocols;
			sourceTree = "<group>";
		};
/* End PBXGroup section */

/* Begin PBXNativeTarget section */
		1F018D1529088EBE0039B56D /* GameOfBlocks */ = {
			isa = PBXNativeTarget;
			buildConfigurationList = 1F018D3A29088EBF0039B56D /* Build configuration list for PBXNativeTarget "GameOfBlocks" */;
			buildPhases = (
				1F018D1229088EBE0039B56D /* Sources */,
				1F018D1329088EBE0039B56D /* Frameworks */,
				1F018D1429088EBE0039B56D /* Resources */,
			);
			buildRules = (
			);
			dependencies = (
			);
			name = GameOfBlocks;
			productName = GameOfBlocks;
			productReference = 1F018D1629088EBE0039B56D /* GameOfBlocks.app */;
			productType = "com.apple.product-type.application";
		};
		1F018D2529088EBF0039B56D /* GameOfBlocksTests */ = {
			isa = PBXNativeTarget;
			buildConfigurationList = 1F018D3D29088EBF0039B56D /* Build configuration list for PBXNativeTarget "GameOfBlocksTests" */;
			buildPhases = (
				1F018D2229088EBF0039B56D /* Sources */,
				1F018D2329088EBF0039B56D /* Frameworks */,
				1F018D2429088EBF0039B56D /* Resources */,
			);
			buildRules = (
			);
			dependencies = (
				1F018D2829088EBF0039B56D /* PBXTargetDependency */,
			);
			name = GameOfBlocksTests;
			productName = GameOfBlocksTests;
			productReference = 1F018D2629088EBF0039B56D /* GameOfBlocksTests.xctest */;
			productType = "com.apple.product-type.bundle.unit-test";
		};
		1F018D2F29088EBF0039B56D /* GameOfBlocksUITests */ = {
			isa = PBXNativeTarget;
			buildConfigurationList = 1F018D4029088EBF0039B56D /* Build configuration list for PBXNativeTarget "GameOfBlocksUITests" */;
			buildPhases = (
				1F018D2C29088EBF0039B56D /* Sources */,
				1F018D2D29088EBF0039B56D /* Frameworks */,
				1F018D2E29088EBF0039B56D /* Resources */,
			);
			buildRules = (
			);
			dependencies = (
				1F018D3229088EBF0039B56D /* PBXTargetDependency */,
			);
			name = GameOfBlocksUITests;
			productName = GameOfBlocksUITests;
			productReference = 1F018D3029088EBF0039B56D /* GameOfBlocksUITests.xctest */;
			productType = "com.apple.product-type.bundle.ui-testing";
		};
/* End PBXNativeTarget section */

/* Begin PBXProject section */
		1F018D0E29088EBE0039B56D /* Project object */ = {
			isa = PBXProject;
			attributes = {
				BuildIndependentTargetsInParallel = 1;
				LastSwiftUpdateCheck = 1400;
				LastUpgradeCheck = 1400;
				TargetAttributes = {
					1F018D1529088EBE0039B56D = {
						CreatedOnToolsVersion = 14.0.1;
					};
					1F018D2529088EBF0039B56D = {
						CreatedOnToolsVersion = 14.0.1;
						TestTargetID = 1F018D1529088EBE0039B56D;
					};
					1F018D2F29088EBF0039B56D = {
						CreatedOnToolsVersion = 14.0.1;
						TestTargetID = 1F018D1529088EBE0039B56D;
					};
				};
			};
			buildConfigurationList = 1F018D1129088EBE0039B56D /* Build configuration list for PBXProject "GameOfBlocks" */;
			compatibilityVersion = "Xcode 14.0";
			developmentRegion = en;
			hasScannedForEncodings = 0;
			knownRegions = (
				en,
				Base,
			);
			mainGroup = 1F018D0D29088EBE0039B56D;
			productRefGroup = 1F018D1729088EBE0039B56D /* Products */;
			projectDirPath = "";
			projectRoot = "";
			targets = (
				1F018D1529088EBE0039B56D /* GameOfBlocks */,
				1F018D2529088EBF0039B56D /* GameOfBlocksTests */,
				1F018D2F29088EBF0039B56D /* GameOfBlocksUITests */,
			);
		};
/* End PBXProject section */

/* Begin PBXResourcesBuildPhase section */
		1F018D1429088EBE0039B56D /* Resources */ = {
			isa = PBXResourcesBuildPhase;
			buildActionMask = 2147483647;
			files = (
				1F018D2129088EBF0039B56D /* Preview Assets.xcassets in Resources */,
				1F018D1E29088EBF0039B56D /* Assets.xcassets in Resources */,
			);
			runOnlyForDeploymentPostprocessing = 0;
		};
		1F018D2429088EBF0039B56D /* Resources */ = {
			isa = PBXResourcesBuildPhase;
			buildActionMask = 2147483647;
			files = (
			);
			runOnlyForDeploymentPostprocessing = 0;
		};
		1F018D2E29088EBF0039B56D /* Resources */ = {
			isa = PBXResourcesBuildPhase;
			buildActionMask = 2147483647;
			files = (
			);
			runOnlyForDeploymentPostprocessing = 0;
		};
/* End PBXResourcesBuildPhase section */

/* Begin PBXSourcesBuildPhase section */
		1F018D1229088EBE0039B56D /* Sources */ = {
			isa = PBXSourcesBuildPhase;
			buildActionMask = 2147483647;
			files = (
				1F018D4729088F4D0039B56D /* BoardView.swift in Sources */,
				1F5EBF6D2909E6FD00A135F2 /* BoardCellView.swift in Sources */,
				1F5922CB290C8D5D008E4AA4 /* BoardCellViewModel.swift in Sources */,
				1F018D4B290899360039B56D /* BlockView.swift in Sources */,
				1F018D1C29088EBE0039B56D /* ContentView.swift in Sources */,
				1F018D1A29088EBE0039B56D /* GameOfBlocksApp.swift in Sources */,
				1F018D4929088F700039B56D /* BoardViewModel.swift in Sources */,
				1F5922CD290C9407008E4AA4 /* ViewFactory.swift in Sources */,
				1F018D4D290899A50039B56D /* BlockModel.swift in Sources */,
				1F5922D6290DCDC9008E4AA4 /* Protocols.swift in Sources */,
				1F5922BF290B3847008E4AA4 /* BoardGameBusinessLogic.swift in Sources */,
				1F5EBF6F2909F67300A135F2 /* BlockViewModel.swift in Sources */,
				1F018D5029089AA20039B56D /* Errors.swift in Sources */,
			);
			runOnlyForDeploymentPostprocessing = 0;
		};
		1F018D2229088EBF0039B56D /* Sources */ = {
			isa = PBXSourcesBuildPhase;
			buildActionMask = 2147483647;
			files = (
				1F5922C7290C71D5008E4AA4 /* BoardGameBusinessLogicTests.swift in Sources */,
				1F5922D1290DCA3A008E4AA4 /* BoardViewTests.swift in Sources */,
				1F018D2B29088EBF0039B56D /* BoardViewModelTests.swift in Sources */,
				1F5922C9290C8440008E4AA4 /* BlockViewModelTests.swift in Sources */,
				1F5922C1290B3AC0008E4AA4 /* TestMocks.swift in Sources */,
				1F5922CF290DC8D4008E4AA4 /* BoardCellViewModelTests.swift in Sources */,
				1F5922D3290DCD2C008E4AA4 /* BlockViewTests.swift in Sources */,
			);
			runOnlyForDeploymentPostprocessing = 0;
		};
		1F018D2C29088EBF0039B56D /* Sources */ = {
			isa = PBXSourcesBuildPhase;
			buildActionMask = 2147483647;
			files = (
				1F018D3529088EBF0039B56D /* GameOfBlocksUITests.swift in Sources */,
				1F018D3729088EBF0039B56D /* GameOfBlocksUITestsLaunchTests.swift in Sources */,
			);
			runOnlyForDeploymentPostprocessing = 0;
		};
/* End PBXSourcesBuildPhase section */

/* Begin PBXTargetDependency section */
		1F018D2829088EBF0039B56D /* PBXTargetDependency */ = {
			isa = PBXTargetDependency;
			target = 1F018D1529088EBE0039B56D /* GameOfBlocks */;
			targetProxy = 1F018D2729088EBF0039B56D /* PBXContainerItemProxy */;
		};
		1F018D3229088EBF0039B56D /* PBXTargetDependency */ = {
			isa = PBXTargetDependency;
			target = 1F018D1529088EBE0039B56D /* GameOfBlocks */;
			targetProxy = 1F018D3129088EBF0039B56D /* PBXContainerItemProxy */;
		};
/* End PBXTargetDependency section */

/* Begin XCBuildConfiguration section */
		1F018D3829088EBF0039B56D /* Debug */ = {
			isa = XCBuildConfiguration;
			buildSettings = {
				ALWAYS_SEARCH_USER_PATHS = NO;
				CLANG_ANALYZER_NONNULL = YES;
				CLANG_ANALYZER_NUMBER_OBJECT_CONVERSION = YES_AGGRESSIVE;
				CLANG_CXX_LANGUAGE_STANDARD = "gnu++20";
				CLANG_ENABLE_MODULES = YES;
				CLANG_ENABLE_OBJC_ARC = YES;
				CLANG_ENABLE_OBJC_WEAK = YES;
				CLANG_WARN_BLOCK_CAPTURE_AUTORELEASING = YES;
				CLANG_WARN_BOOL_CONVERSION = YES;
				CLANG_WARN_COMMA = YES;
				CLANG_WARN_CONSTANT_CONVERSION = YES;
				CLANG_WARN_DEPRECATED_OBJC_IMPLEMENTATIONS = YES;
				CLANG_WARN_DIRECT_OBJC_ISA_USAGE = YES_ERROR;
				CLANG_WARN_DOCUMENTATION_COMMENTS = YES;
				CLANG_WARN_EMPTY_BODY = YES;
				CLANG_WARN_ENUM_CONVERSION = YES;
				CLANG_WARN_INFINITE_RECURSION = YES;
				CLANG_WARN_INT_CONVERSION = YES;
				CLANG_WARN_NON_LITERAL_NULL_CONVERSION = YES;
				CLANG_WARN_OBJC_IMPLICIT_RETAIN_SELF = YES;
				CLANG_WARN_OBJC_LITERAL_CONVERSION = YES;
				CLANG_WARN_OBJC_ROOT_CLASS = YES_ERROR;
				CLANG_WARN_QUOTED_INCLUDE_IN_FRAMEWORK_HEADER = YES;
				CLANG_WARN_RANGE_LOOP_ANALYSIS = YES;
				CLANG_WARN_STRICT_PROTOTYPES = YES;
				CLANG_WARN_SUSPICIOUS_MOVE = YES;
				CLANG_WARN_UNGUARDED_AVAILABILITY = YES_AGGRESSIVE;
				CLANG_WARN_UNREACHABLE_CODE = YES;
				CLANG_WARN__DUPLICATE_METHOD_MATCH = YES;
				COPY_PHASE_STRIP = NO;
				DEBUG_INFORMATION_FORMAT = dwarf;
				ENABLE_STRICT_OBJC_MSGSEND = YES;
				ENABLE_TESTABILITY = YES;
				GCC_C_LANGUAGE_STANDARD = gnu11;
				GCC_DYNAMIC_NO_PIC = NO;
				GCC_NO_COMMON_BLOCKS = YES;
				GCC_OPTIMIZATION_LEVEL = 0;
				GCC_PREPROCESSOR_DEFINITIONS = (
					"DEBUG=1",
					"$(inherited)",
				);
				GCC_WARN_64_TO_32_BIT_CONVERSION = YES;
				GCC_WARN_ABOUT_RETURN_TYPE = YES_ERROR;
				GCC_WARN_UNDECLARED_SELECTOR = YES;
				GCC_WARN_UNINITIALIZED_AUTOS = YES_AGGRESSIVE;
				GCC_WARN_UNUSED_FUNCTION = YES;
				GCC_WARN_UNUSED_VARIABLE = YES;
				IPHONEOS_DEPLOYMENT_TARGET = 16.0;
				MTL_ENABLE_DEBUG_INFO = INCLUDE_SOURCE;
				MTL_FAST_MATH = YES;
				ONLY_ACTIVE_ARCH = YES;
				SDKROOT = iphoneos;
				SWIFT_ACTIVE_COMPILATION_CONDITIONS = DEBUG;
				SWIFT_OPTIMIZATION_LEVEL = "-Onone";
			};
			name = Debug;
		};
		1F018D3929088EBF0039B56D /* Release */ = {
			isa = XCBuildConfiguration;
			buildSettings = {
				ALWAYS_SEARCH_USER_PATHS = NO;
				CLANG_ANALYZER_NONNULL = YES;
				CLANG_ANALYZER_NUMBER_OBJECT_CONVERSION = YES_AGGRESSIVE;
				CLANG_CXX_LANGUAGE_STANDARD = "gnu++20";
				CLANG_ENABLE_MODULES = YES;
				CLANG_ENABLE_OBJC_ARC = YES;
				CLANG_ENABLE_OBJC_WEAK = YES;
				CLANG_WARN_BLOCK_CAPTURE_AUTORELEASING = YES;
				CLANG_WARN_BOOL_CONVERSION = YES;
				CLANG_WARN_COMMA = YES;
				CLANG_WARN_CONSTANT_CONVERSION = YES;
				CLANG_WARN_DEPRECATED_OBJC_IMPLEMENTATIONS = YES;
				CLANG_WARN_DIRECT_OBJC_ISA_USAGE = YES_ERROR;
				CLANG_WARN_DOCUMENTATION_COMMENTS = YES;
				CLANG_WARN_EMPTY_BODY = YES;
				CLANG_WARN_ENUM_CONVERSION = YES;
				CLANG_WARN_INFINITE_RECURSION = YES;
				CLANG_WARN_INT_CONVERSION = YES;
				CLANG_WARN_NON_LITERAL_NULL_CONVERSION = YES;
				CLANG_WARN_OBJC_IMPLICIT_RETAIN_SELF = YES;
				CLANG_WARN_OBJC_LITERAL_CONVERSION = YES;
				CLANG_WARN_OBJC_ROOT_CLASS = YES_ERROR;
				CLANG_WARN_QUOTED_INCLUDE_IN_FRAMEWORK_HEADER = YES;
				CLANG_WARN_RANGE_LOOP_ANALYSIS = YES;
				CLANG_WARN_STRICT_PROTOTYPES = YES;
				CLANG_WARN_SUSPICIOUS_MOVE = YES;
				CLANG_WARN_UNGUARDED_AVAILABILITY = YES_AGGRESSIVE;
				CLANG_WARN_UNREACHABLE_CODE = YES;
				CLANG_WARN__DUPLICATE_METHOD_MATCH = YES;
				COPY_PHASE_STRIP = NO;
				DEBUG_INFORMATION_FORMAT = "dwarf-with-dsym";
				ENABLE_NS_ASSERTIONS = NO;
				ENABLE_STRICT_OBJC_MSGSEND = YES;
				GCC_C_LANGUAGE_STANDARD = gnu11;
				GCC_NO_COMMON_BLOCKS = YES;
				GCC_WARN_64_TO_32_BIT_CONVERSION = YES;
				GCC_WARN_ABOUT_RETURN_TYPE = YES_ERROR;
				GCC_WARN_UNDECLARED_SELECTOR = YES;
				GCC_WARN_UNINITIALIZED_AUTOS = YES_AGGRESSIVE;
				GCC_WARN_UNUSED_FUNCTION = YES;
				GCC_WARN_UNUSED_VARIABLE = YES;
				IPHONEOS_DEPLOYMENT_TARGET = 16.0;
				MTL_ENABLE_DEBUG_INFO = NO;
				MTL_FAST_MATH = YES;
				SDKROOT = iphoneos;
				SWIFT_COMPILATION_MODE = wholemodule;
				SWIFT_OPTIMIZATION_LEVEL = "-O";
				VALIDATE_PRODUCT = YES;
			};
			name = Release;
		};
		1F018D3B29088EBF0039B56D /* Debug */ = {
			isa = XCBuildConfiguration;
			buildSettings = {
				ASSETCATALOG_COMPILER_APPICON_NAME = AppIcon;
				ASSETCATALOG_COMPILER_GLOBAL_ACCENT_COLOR_NAME = AccentColor;
				CODE_SIGN_STYLE = Automatic;
				CURRENT_PROJECT_VERSION = 1;
				DEVELOPMENT_ASSET_PATHS = "\"GameOfBlocks/Preview Content\"";
				DEVELOPMENT_TEAM = 284M42BD2D;
				ENABLE_PREVIEWS = YES;
				GENERATE_INFOPLIST_FILE = YES;
				INFOPLIST_KEY_UIApplicationSceneManifest_Generation = YES;
				INFOPLIST_KEY_UIApplicationSupportsIndirectInputEvents = YES;
				INFOPLIST_KEY_UILaunchScreen_Generation = YES;
				INFOPLIST_KEY_UISupportedInterfaceOrientations_iPad = "UIInterfaceOrientationPortrait UIInterfaceOrientationPortraitUpsideDown UIInterfaceOrientationLandscapeLeft UIInterfaceOrientationLandscapeRight";
				INFOPLIST_KEY_UISupportedInterfaceOrientations_iPhone = "UIInterfaceOrientationPortrait UIInterfaceOrientationLandscapeLeft UIInterfaceOrientationLandscapeRight";
				LD_RUNPATH_SEARCH_PATHS = (
					"$(inherited)",
					"@executable_path/Frameworks",
				);
				MARKETING_VERSION = 1.0;
				PRODUCT_BUNDLE_IDENTIFIER = com.giovanni.GameOfBlocks;
				PRODUCT_NAME = "$(TARGET_NAME)";
				SWIFT_EMIT_LOC_STRINGS = YES;
				SWIFT_VERSION = 5.0;
				TARGETED_DEVICE_FAMILY = "1,2";
			};
			name = Debug;
		};
		1F018D3C29088EBF0039B56D /* Release */ = {
			isa = XCBuildConfiguration;
			buildSettings = {
				ASSETCATALOG_COMPILER_APPICON_NAME = AppIcon;
				ASSETCATALOG_COMPILER_GLOBAL_ACCENT_COLOR_NAME = AccentColor;
				CODE_SIGN_STYLE = Automatic;
				CURRENT_PROJECT_VERSION = 1;
				DEVELOPMENT_ASSET_PATHS = "\"GameOfBlocks/Preview Content\"";
				DEVELOPMENT_TEAM = 284M42BD2D;
				ENABLE_PREVIEWS = YES;
				GENERATE_INFOPLIST_FILE = YES;
				INFOPLIST_KEY_UIApplicationSceneManifest_Generation = YES;
				INFOPLIST_KEY_UIApplicationSupportsIndirectInputEvents = YES;
				INFOPLIST_KEY_UILaunchScreen_Generation = YES;
				INFOPLIST_KEY_UISupportedInterfaceOrientations_iPad = "UIInterfaceOrientationPortrait UIInterfaceOrientationPortraitUpsideDown UIInterfaceOrientationLandscapeLeft UIInterfaceOrientationLandscapeRight";
				INFOPLIST_KEY_UISupportedInterfaceOrientations_iPhone = "UIInterfaceOrientationPortrait UIInterfaceOrientationLandscapeLeft UIInterfaceOrientationLandscapeRight";
				LD_RUNPATH_SEARCH_PATHS = (
					"$(inherited)",
					"@executable_path/Frameworks",
				);
				MARKETING_VERSION = 1.0;
				PRODUCT_BUNDLE_IDENTIFIER = com.giovanni.GameOfBlocks;
				PRODUCT_NAME = "$(TARGET_NAME)";
				SWIFT_EMIT_LOC_STRINGS = YES;
				SWIFT_VERSION = 5.0;
				TARGETED_DEVICE_FAMILY = "1,2";
			};
			name = Release;
		};
		1F018D3E29088EBF0039B56D /* Debug */ = {
			isa = XCBuildConfiguration;
			buildSettings = {
				ALWAYS_EMBED_SWIFT_STANDARD_LIBRARIES = YES;
				BUNDLE_LOADER = "$(TEST_HOST)";
				CODE_SIGN_STYLE = Automatic;
				CURRENT_PROJECT_VERSION = 1;
				DEVELOPMENT_TEAM = 284M42BD2D;
				GENERATE_INFOPLIST_FILE = YES;
				IPHONEOS_DEPLOYMENT_TARGET = 16.0;
				MARKETING_VERSION = 1.0;
				PRODUCT_BUNDLE_IDENTIFIER = com.giovanni.GameOfBlocksTests;
				PRODUCT_NAME = "$(TARGET_NAME)";
				SWIFT_EMIT_LOC_STRINGS = NO;
				SWIFT_VERSION = 5.0;
				TARGETED_DEVICE_FAMILY = "1,2";
				TEST_HOST = "$(BUILT_PRODUCTS_DIR)/GameOfBlocks.app/$(BUNDLE_EXECUTABLE_FOLDER_PATH)/GameOfBlocks";
			};
			name = Debug;
		};
		1F018D3F29088EBF0039B56D /* Release */ = {
			isa = XCBuildConfiguration;
			buildSettings = {
				ALWAYS_EMBED_SWIFT_STANDARD_LIBRARIES = YES;
				BUNDLE_LOADER = "$(TEST_HOST)";
				CODE_SIGN_STYLE = Automatic;
				CURRENT_PROJECT_VERSION = 1;
				DEVELOPMENT_TEAM = 284M42BD2D;
				GENERATE_INFOPLIST_FILE = YES;
				IPHONEOS_DEPLOYMENT_TARGET = 16.0;
				MARKETING_VERSION = 1.0;
				PRODUCT_BUNDLE_IDENTIFIER = com.giovanni.GameOfBlocksTests;
				PRODUCT_NAME = "$(TARGET_NAME)";
				SWIFT_EMIT_LOC_STRINGS = NO;
				SWIFT_VERSION = 5.0;
				TARGETED_DEVICE_FAMILY = "1,2";
				TEST_HOST = "$(BUILT_PRODUCTS_DIR)/GameOfBlocks.app/$(BUNDLE_EXECUTABLE_FOLDER_PATH)/GameOfBlocks";
			};
			name = Release;
		};
		1F018D4129088EBF0039B56D /* Debug */ = {
			isa = XCBuildConfiguration;
			buildSettings = {
				ALWAYS_EMBED_SWIFT_STANDARD_LIBRARIES = YES;
				CODE_SIGN_STYLE = Automatic;
				CURRENT_PROJECT_VERSION = 1;
				DEVELOPMENT_TEAM = 284M42BD2D;
				GENERATE_INFOPLIST_FILE = YES;
				MARKETING_VERSION = 1.0;
				PRODUCT_BUNDLE_IDENTIFIER = com.giovanni.GameOfBlocksUITests;
				PRODUCT_NAME = "$(TARGET_NAME)";
				SWIFT_EMIT_LOC_STRINGS = NO;
				SWIFT_VERSION = 5.0;
				TARGETED_DEVICE_FAMILY = "1,2";
				TEST_TARGET_NAME = GameOfBlocks;
			};
			name = Debug;
		};
		1F018D4229088EBF0039B56D /* Release */ = {
			isa = XCBuildConfiguration;
			buildSettings = {
				ALWAYS_EMBED_SWIFT_STANDARD_LIBRARIES = YES;
				CODE_SIGN_STYLE = Automatic;
				CURRENT_PROJECT_VERSION = 1;
				DEVELOPMENT_TEAM = 284M42BD2D;
				GENERATE_INFOPLIST_FILE = YES;
				MARKETING_VERSION = 1.0;
				PRODUCT_BUNDLE_IDENTIFIER = com.giovanni.GameOfBlocksUITests;
				PRODUCT_NAME = "$(TARGET_NAME)";
				SWIFT_EMIT_LOC_STRINGS = NO;
				SWIFT_VERSION = 5.0;
				TARGETED_DEVICE_FAMILY = "1,2";
				TEST_TARGET_NAME = GameOfBlocks;
			};
			name = Release;
		};
/* End XCBuildConfiguration section */

/* Begin XCConfigurationList section */
		1F018D1129088EBE0039B56D /* Build configuration list for PBXProject "GameOfBlocks" */ = {
			isa = XCConfigurationList;
			buildConfigurations = (
				1F018D3829088EBF0039B56D /* Debug */,
				1F018D3929088EBF0039B56D /* Release */,
			);
			defaultConfigurationIsVisible = 0;
			defaultConfigurationName = Release;
		};
		1F018D3A29088EBF0039B56D /* Build configuration list for PBXNativeTarget "GameOfBlocks" */ = {
			isa = XCConfigurationList;
			buildConfigurations = (
				1F018D3B29088EBF0039B56D /* Debug */,
				1F018D3C29088EBF0039B56D /* Release */,
			);
			defaultConfigurationIsVisible = 0;
			defaultConfigurationName = Release;
		};
		1F018D3D29088EBF0039B56D /* Build configuration list for PBXNativeTarget "GameOfBlocksTests" */ = {
			isa = XCConfigurationList;
			buildConfigurations = (
				1F018D3E29088EBF0039B56D /* Debug */,
				1F018D3F29088EBF0039B56D /* Release */,
			);
			defaultConfigurationIsVisible = 0;
			defaultConfigurationName = Release;
		};
		1F018D4029088EBF0039B56D /* Build configuration list for PBXNativeTarget "GameOfBlocksUITests" */ = {
			isa = XCConfigurationList;
			buildConfigurations = (
				1F018D4129088EBF0039B56D /* Debug */,
				1F018D4229088EBF0039B56D /* Release */,
			);
			defaultConfigurationIsVisible = 0;
			defaultConfigurationName = Release;
		};
/* End XCConfigurationList section */
	};
	rootObject = 1F018D0E29088EBE0039B56D /* Project object */;
}
